
Microsoft Visual Studio Solution File, Format Version 12.00
# Visual Studio Version 16
VisualStudioVersion = 16.0.33027.164
MinimumVisualStudioVersion = 10.0.40219.1
Project("{FAE04EC0-301F-11D3-BF4B-00C04F79EFBC}") = "SalesWebMvc", "SalesWebMvc\SalesWebMvc.csproj", "{858674D8-5E3F-4087-B5F2-6E9CD88331C7}"
EndProject
Global
	GlobalSection(SolutionConfigurationPlatforms) = preSolution
		Debug|Any CPU = Debug|Any CPU
		Release|Any CPU = Release|Any CPU
	EndGlobalSection
	GlobalSection(ProjectConfigurationPlatforms) = postSolution
		{858674D8-5E3F-4087-B5F2-6E9CD88331C7}.Debug|Any CPU.ActiveCfg = Debug|Any CPU
		{858674D8-5E3F-4087-B5F2-6E9CD88331C7}.Debug|Any CPU.Build.0 = Debug|Any CPU
		{858674D8-5E3F-4087-B5F2-6E9CD88331C7}.Release|Any CPU.ActiveCfg = Release|Any CPU
		{858674D8-5E3F-4087-B5F2-6E9CD88331C7}.Release|Any CPU.Build.0 = Release|Any CPU
	EndGlobalSection
	GlobalSection(SolutionProperties) = preSolution
		HideSolutionNode = FALSE
	EndGlobalSection
	GlobalSection(ExtensibilityGlobals) = postSolution
		SolutionGuid = {CCFA6ED1-5F80-4745-8CB3-C8819E028134}
	EndGlobalSection
EndGlobal
